
Microsoft Visual Studio Solution File, Format Version 12.00
# Visual Studio Version 17
VisualStudioVersion = 17.14.37216.2 d17.14
MinimumVisualStudioVersion = 10.0.40219.1
Project("{FAE04EC0-301F-11D3-BF4B-00C04F79EFBC}") = "JUI", "JUI\JUI.csproj", "{0E66C625-53CF-4545-9552-05613E1076B3}"
EndProject
Project("{FAE04EC0-301F-11D3-BF4B-00C04F79EFBC}") = "JQuick", "JQuick\JQuick.csproj", "{355D85BA-8520-43BC-8FE4-B0A9C456562A}"
EndProject
Global
	GlobalSection(SolutionConfigurationPlatforms) = preSolution
		Debug|Any CPU = Debug|Any CPU
		Release|Any CPU = Release|Any CPU
	EndGlobalSection
	GlobalSection(ProjectConfigurationPlatforms) = postSolution
		{0E66C625-53CF-4545-9552-05613E1076B3}.Debug|Any CPU.ActiveCfg = Debug|Any CPU
		{0E66C625-53CF-4545-9552-05613E1076B3}.Debug|Any CPU.Build.0 = Debug|Any CPU
		{0E66C625-53CF-4545-9552-05613E1076B3}.Release|Any CPU.ActiveCfg = Release|Any CPU
		{0E66C625-53CF-4545-9552-05613E1076B3}.Release|Any CPU.Build.0 = Release|Any CPU
		{355D85BA-8520-43BC-8FE4-B0A9C456562A}.Debug|Any CPU.ActiveCfg = Debug|Any CPU
		{355D85BA-8520-43BC-8FE4-B0A9C456562A}.Debug|Any CPU.Build.0 = Debug|Any CPU
		{355D85BA-8520-43BC-8FE4-B0A9C456562A}.Release|Any CPU.ActiveCfg = Release|Any CPU
		{355D85BA-8520-43BC-8FE4-B0A9C456562A}.Release|Any CPU.Build.0 = Release|Any CPU
	EndGlobalSection
	GlobalSection(SolutionProperties) = preSolution
		HideSolutionNode = FALSE
	EndGlobalSection
	GlobalSection(ExtensibilityGlobals) = postSolution
		SolutionGuid = {02DAD3F1-C258-4E00-869C-F0E4741EBA65}
	EndGlobalSection
EndGlobal
